
Microsoft Visual Studio Solution File, Format Version 12.00
# Visual Studio 2013
VisualStudioVersion = 12.0.40418.0
MinimumVisualStudioVersion = 10.0.40219.1
Project("{FAE04EC0-301F-11D3-BF4B-00C04F79EFBC}") = "SignMeUp2", "SignMeUp2\SignMeUp2.csproj", "{062ECE74-DC8F-4462-8059-7A87D6855992}"
EndProject
Project("{FAE04EC0-301F-11D3-BF4B-00C04F79EFBC}") = "SignMeUp2.Data", "SignMeUp2.Data\SignMeUp2.Data.csproj", "{017F4EB5-C8D6-42CE-833F-83E2098BBB33}"
EndProject
Project("{2150E333-8FDC-42A3-9474-1A3956D46DE8}") = ".nuget", ".nuget", "{83F46726-0BBE-4D4B-92B0-4E11F51CE6E7}"
	ProjectSection(SolutionItems) = preProject
		.nuget\packages.config = .nuget\packages.config
	EndProjectSection
EndProject
Global
	GlobalSection(SolutionConfigurationPlatforms) = preSolution
		Debug|Any CPU = Debug|Any CPU
		Release|Any CPU = Release|Any CPU
	EndGlobalSection
	GlobalSection(ProjectConfigurationPlatforms) = postSolution
		{062ECE74-DC8F-4462-8059-7A87D6855992}.Debug|Any CPU.ActiveCfg = Debug|Any CPU
		{062ECE74-DC8F-4462-8059-7A87D6855992}.Debug|Any CPU.Build.0 = Debug|Any CPU
		{062ECE74-DC8F-4462-8059-7A87D6855992}.Release|Any CPU.ActiveCfg = Release|Any CPU
		{062ECE74-DC8F-4462-8059-7A87D6855992}.Release|Any CPU.Build.0 = Release|Any CPU
		{017F4EB5-C8D6-42CE-833F-83E2098BBB33}.Debug|Any CPU.ActiveCfg = Debug|Any CPU
		{017F4EB5-C8D6-42CE-833F-83E2098BBB33}.Debug|Any CPU.Build.0 = Debug|Any CPU
		{017F4EB5-C8D6-42CE-833F-83E2098BBB33}.Release|Any CPU.ActiveCfg = Release|Any CPU
		{017F4EB5-C8D6-42CE-833F-83E2098BBB33}.Release|Any CPU.Build.0 = Release|Any CPU
	EndGlobalSection
	GlobalSection(SolutionProperties) = preSolution
		HideSolutionNode = FALSE
	EndGlobalSection
EndGlobal
